// !$*UTF8*$!
{
	archiveVersion = 1;
	classes = {
	};
	objectVersion = 46;
	objects = {

/* Begin PBXBuildFile section */
		840E8A801A0B81FD00DA9E48 /* Cocoa.framework in Frameworks */ = {isa = PBXBuildFile; fileRef = 840E8A7F1A0B81FD00DA9E48 /* Cocoa.framework */; };
		840E8A8A1A0B81FD00DA9E48 /* InfoPlist.strings in Resources */ = {isa = PBXBuildFile; fileRef = 840E8A881A0B81FD00DA9E48 /* InfoPlist.strings */; };
		840E8A8C1A0B81FD00DA9E48 /* main.m in Sources */ = {isa = PBXBuildFile; fileRef = 840E8A8B1A0B81FD00DA9E48 /* main.m */; };
		840E8A901A0B81FD00DA9E48 /* Credits.rtf in Resources */ = {isa = PBXBuildFile; fileRef = 840E8A8E1A0B81FD00DA9E48 /* Credits.rtf */; };
		840E8A931A0B81FD00DA9E48 /* AKVAppDelegate.m in Sources */ = {isa = PBXBuildFile; fileRef = 840E8A921A0B81FD00DA9E48 /* AKVAppDelegate.m */; };
		840E8A961A0B81FD00DA9E48 /* MainMenu.xib in Resources */ = {isa = PBXBuildFile; fileRef = 840E8A941A0B81FD00DA9E48 /* MainMenu.xib */; };
		840E8A981A0B81FD00DA9E48 /* Images.xcassets in Resources */ = {isa = PBXBuildFile; fileRef = 840E8A971A0B81FD00DA9E48 /* Images.xcassets */; };
		840E8A9F1A0B81FD00DA9E48 /* XCTest.framework in Frameworks */ = {isa = PBXBuildFile; fileRef = 840E8A9E1A0B81FD00DA9E48 /* XCTest.framework */; };
		840E8AA01A0B81FD00DA9E48 /* Cocoa.framework in Frameworks */ = {isa = PBXBuildFile; fileRef = 840E8A7F1A0B81FD00DA9E48 /* Cocoa.framework */; };
		840E8AA81A0B81FD00DA9E48 /* InfoPlist.strings in Resources */ = {isa = PBXBuildFile; fileRef = 840E8AA61A0B81FD00DA9E48 /* InfoPlist.strings */; };
		840E8AAA1A0B81FD00DA9E48 /* VkontakteAppTests.m in Sources */ = {isa = PBXBuildFile; fileRef = 840E8AA91A0B81FD00DA9E48 /* VkontakteAppTests.m */; };
		843168931A30B40E0077C203 /* AKVPlayerView.m in Sources */ = {isa = PBXBuildFile; fileRef = 843168921A30B40E0077C203 /* AKVPlayerView.m */; };
		8451EE581A31D7D500BB46A5 /* NSString+TimeFormatter.m in Sources */ = {isa = PBXBuildFile; fileRef = 8451EE571A31D7D500BB46A5 /* NSString+TimeFormatter.m */; };
		8472BC901A12119C006C1614 /* MainView.xib in Resources */ = {isa = PBXBuildFile; fileRef = 8472BC8F1A12119C006C1614 /* MainView.xib */; };
		8484657B1A375F160014C8DA /* AKVPlayerWindowView.m in Sources */ = {isa = PBXBuildFile; fileRef = 8484657A1A375F160014C8DA /* AKVPlayerWindowView.m */; };
		849F66681A2CB1DB009E05B5 /* AKVTrackTableViewCell.m in Sources */ = {isa = PBXBuildFile; fileRef = 849F66671A2CB1DB009E05B5 /* AKVTrackTableViewCell.m */; };
		849F666B1A2CC71E009E05B5 /* AKVTracksTableView.m in Sources */ = {isa = PBXBuildFile; fileRef = 849F666A1A2CC71E009E05B5 /* AKVTracksTableView.m */; };
		84C219271A289C3E008AC791 /* AKVAudioPlayer.m in Sources */ = {isa = PBXBuildFile; fileRef = 84C219261A289C3E008AC791 /* AKVAudioPlayer.m */; };
		84C219291A289DEA008AC791 /* AVFoundation.framework in Frameworks */ = {isa = PBXBuildFile; fileRef = 84C219281A289DEA008AC791 /* AVFoundation.framework */; };
		84C2192D1A28C68A008AC791 /* AKVPlayerStatusView.m in Sources */ = {isa = PBXBuildFile; fileRef = 84C2192C1A28C689008AC791 /* AKVPlayerStatusView.m */; };
		84E94EE31A30817100A373A3 /* AKVAudioTrack+TableRepresentation.m in Sources */ = {isa = PBXBuildFile; fileRef = 84E94EE21A30817100A373A3 /* AKVAudioTrack+TableRepresentation.m */; };
		84F8A1C01A370A6200A57B2C /* NSImage+Transform.m in Sources */ = {isa = PBXBuildFile; fileRef = 84F8A1BF1A370A6200A57B2C /* NSImage+Transform.m */; };
		84FDBA331A10C7DA0076ADBB /* AKVVKAuthorizationManager.m in Sources */ = {isa = PBXBuildFile; fileRef = 84FDBA321A10C7DA0076ADBB /* AKVVKAuthorizationManager.m */; };
		84FDBA3A1A10FA920076ADBB /* AKVMainViewController.m in Sources */ = {isa = PBXBuildFile; fileRef = 84FDBA391A10FA920076ADBB /* AKVMainViewController.m */; };
		84FDBA3E1A110CCA0076ADBB /* AKVAudioTrack.m in Sources */ = {isa = PBXBuildFile; fileRef = 84FDBA3D1A110CCA0076ADBB /* AKVAudioTrack.m */; };
/* End PBXBuildFile section */

/* Begin PBXContainerItemProxy section */
		840E8AA11A0B81FD00DA9E48 /* PBXContainerItemProxy */ = {
			isa = PBXContainerItemProxy;
			containerPortal = 840E8A741A0B81FC00DA9E48 /* Project object */;
			proxyType = 1;
			remoteGlobalIDString = 840E8A7B1A0B81FD00DA9E48;
			remoteInfo = VkontakteApp;
		};
/* End PBXContainerItemProxy section */

/* Begin PBXFileReference section */
		840E8A7C1A0B81FD00DA9E48 /* VkontakteApp.app */ = {isa = PBXFileReference; explicitFileType = wrapper.application; includeInIndex = 0; path = VkontakteApp.app; sourceTree = BUILT_PRODUCTS_DIR; };
		840E8A7F1A0B81FD00DA9E48 /* Cocoa.framework */ = {isa = PBXFileReference; lastKnownFileType = wrapper.framework; name = Cocoa.framework; path = System/Library/Frameworks/Cocoa.framework; sourceTree = SDKROOT; };
		840E8A821A0B81FD00DA9E48 /* AppKit.framework */ = {isa = PBXFileReference; lastKnownFileType = wrapper.framework; name = AppKit.framework; path = System/Library/Frameworks/AppKit.framework; sourceTree = SDKROOT; };
		840E8A831A0B81FD00DA9E48 /* CoreData.framework */ = {isa = PBXFileReference; lastKnownFileType = wrapper.framework; name = CoreData.framework; path = System/Library/Frameworks/CoreData.framework; sourceTree = SDKROOT; };
		840E8A841A0B81FD00DA9E48 /* Foundation.framework */ = {isa = PBXFileReference; lastKnownFileType = wrapper.framework; name = Foundation.framework; path = System/Library/Frameworks/Foundation.framework; sourceTree = SDKROOT; };
		840E8A871A0B81FD00DA9E48 /* VkontakteApp-Info.plist */ = {isa = PBXFileReference; lastKnownFileType = text.plist.xml; path = "VkontakteApp-Info.plist"; sourceTree = "<group>"; };
		840E8A891A0B81FD00DA9E48 /* en */ = {isa = PBXFileReference; lastKnownFileType = text.plist.strings; name = en; path = en.lproj/InfoPlist.strings; sourceTree = "<group>"; };
		840E8A8B1A0B81FD00DA9E48 /* main.m */ = {isa = PBXFileReference; lastKnownFileType = sourcecode.c.objc; path = main.m; sourceTree = "<group>"; };
		840E8A8D1A0B81FD00DA9E48 /* VkontakteApp-Prefix.pch */ = {isa = PBXFileReference; lastKnownFileType = sourcecode.c.h; path = "VkontakteApp-Prefix.pch"; sourceTree = "<group>"; };
		840E8A8F1A0B81FD00DA9E48 /* en */ = {isa = PBXFileReference; lastKnownFileType = text.rtf; name = en; path = en.lproj/Credits.rtf; sourceTree = "<group>"; };
		840E8A911A0B81FD00DA9E48 /* AKVAppDelegate.h */ = {isa = PBXFileReference; lastKnownFileType = sourcecode.c.h; path = AKVAppDelegate.h; sourceTree = "<group>"; };
		840E8A921A0B81FD00DA9E48 /* AKVAppDelegate.m */ = {isa = PBXFileReference; lastKnownFileType = sourcecode.c.objc; path = AKVAppDelegate.m; sourceTree = "<group>"; };
		840E8A951A0B81FD00DA9E48 /* Base */ = {isa = PBXFileReference; lastKnownFileType = file.xib; name = Base; path = Base.lproj/MainMenu.xib; sourceTree = "<group>"; };
		840E8A971A0B81FD00DA9E48 /* Images.xcassets */ = {isa = PBXFileReference; lastKnownFileType = folder.assetcatalog; path = Images.xcassets; sourceTree = "<group>"; };
		840E8A9D1A0B81FD00DA9E48 /* VkontakteAppTests.xctest */ = {isa = PBXFileReference; explicitFileType = wrapper.cfbundle; includeInIndex = 0; path = VkontakteAppTests.xctest; sourceTree = BUILT_PRODUCTS_DIR; };
		840E8A9E1A0B81FD00DA9E48 /* XCTest.framework */ = {isa = PBXFileReference; lastKnownFileType = wrapper.framework; name = XCTest.framework; path = Library/Frameworks/XCTest.framework; sourceTree = DEVELOPER_DIR; };
		840E8AA51A0B81FD00DA9E48 /* VkontakteAppTests-Info.plist */ = {isa = PBXFileReference; lastKnownFileType = text.plist.xml; path = "VkontakteAppTests-Info.plist"; sourceTree = "<group>"; };
		840E8AA71A0B81FD00DA9E48 /* en */ = {isa = PBXFileReference; lastKnownFileType = text.plist.strings; name = en; path = en.lproj/InfoPlist.strings; sourceTree = "<group>"; };
		840E8AA91A0B81FD00DA9E48 /* VkontakteAppTests.m */ = {isa = PBXFileReference; lastKnownFileType = sourcecode.c.objc; path = VkontakteAppTests.m; sourceTree = "<group>"; };
		843168911A30B40E0077C203 /* AKVPlayerView.h */ = {isa = PBXFileReference; fileEncoding = 4; lastKnownFileType = sourcecode.c.h; path = AKVPlayerView.h; sourceTree = "<group>"; };
		843168921A30B40E0077C203 /* AKVPlayerView.m */ = {isa = PBXFileReference; fileEncoding = 4; lastKnownFileType = sourcecode.c.objc; path = AKVPlayerView.m; sourceTree = "<group>"; };
		843CC29E1A2DEAE5002BD038 /* AKVTrackTableViewCellDelegate.h */ = {isa = PBXFileReference; lastKnownFileType = sourcecode.c.h; path = AKVTrackTableViewCellDelegate.h; sourceTree = "<group>"; };
		8451EE561A31D7D500BB46A5 /* NSString+TimeFormatter.h */ = {isa = PBXFileReference; fileEncoding = 4; lastKnownFileType = sourcecode.c.h; path = "NSString+TimeFormatter.h"; sourceTree = "<group>"; };
		8451EE571A31D7D500BB46A5 /* NSString+TimeFormatter.m */ = {isa = PBXFileReference; fileEncoding = 4; lastKnownFileType = sourcecode.c.objc; path = "NSString+TimeFormatter.m"; sourceTree = "<group>"; };
		8472BC8F1A12119C006C1614 /* MainView.xib */ = {isa = PBXFileReference; fileEncoding = 4; lastKnownFileType = file.xib; path = MainView.xib; sourceTree = "<group>"; };
		848465791A375F160014C8DA /* AKVPlayerWindowView.h */ = {isa = PBXFileReference; fileEncoding = 4; lastKnownFileType = sourcecode.c.h; path = AKVPlayerWindowView.h; sourceTree = "<group>"; };
		8484657A1A375F160014C8DA /* AKVPlayerWindowView.m */ = {isa = PBXFileReference; fileEncoding = 4; lastKnownFileType = sourcecode.c.objc; path = AKVPlayerWindowView.m; sourceTree = "<group>"; };
		849F66661A2CB1DB009E05B5 /* AKVTrackTableViewCell.h */ = {isa = PBXFileReference; fileEncoding = 4; lastKnownFileType = sourcecode.c.h; path = AKVTrackTableViewCell.h; sourceTree = "<group>"; };
		849F66671A2CB1DB009E05B5 /* AKVTrackTableViewCell.m */ = {isa = PBXFileReference; fileEncoding = 4; lastKnownFileType = sourcecode.c.objc; path = AKVTrackTableViewCell.m; sourceTree = "<group>"; };
		849F66691A2CC71E009E05B5 /* AKVTracksTableView.h */ = {isa = PBXFileReference; fileEncoding = 4; lastKnownFileType = sourcecode.c.h; path = AKVTracksTableView.h; sourceTree = "<group>"; };
		849F666A1A2CC71E009E05B5 /* AKVTracksTableView.m */ = {isa = PBXFileReference; fileEncoding = 4; lastKnownFileType = sourcecode.c.objc; path = AKVTracksTableView.m; sourceTree = "<group>"; };
		84C219251A289C3D008AC791 /* AKVAudioPlayer.h */ = {isa = PBXFileReference; fileEncoding = 4; lastKnownFileType = sourcecode.c.h; path = AKVAudioPlayer.h; sourceTree = "<group>"; };
		84C219261A289C3E008AC791 /* AKVAudioPlayer.m */ = {isa = PBXFileReference; fileEncoding = 4; lastKnownFileType = sourcecode.c.objc; path = AKVAudioPlayer.m; sourceTree = "<group>"; };
		84C219281A289DEA008AC791 /* AVFoundation.framework */ = {isa = PBXFileReference; lastKnownFileType = wrapper.framework; name = AVFoundation.framework; path = System/Library/Frameworks/AVFoundation.framework; sourceTree = SDKROOT; };
		84C2192B1A28C689008AC791 /* AKVPlayerStatusView.h */ = {isa = PBXFileReference; fileEncoding = 4; lastKnownFileType = sourcecode.c.h; path = AKVPlayerStatusView.h; sourceTree = "<group>"; };
		84C2192C1A28C689008AC791 /* AKVPlayerStatusView.m */ = {isa = PBXFileReference; fileEncoding = 4; lastKnownFileType = sourcecode.c.objc; path = AKVPlayerStatusView.m; sourceTree = "<group>"; };
		84E94EE11A30817100A373A3 /* AKVAudioTrack+TableRepresentation.h */ = {isa = PBXFileReference; fileEncoding = 4; lastKnownFileType = sourcecode.c.h; path = "AKVAudioTrack+TableRepresentation.h"; sourceTree = "<group>"; };
		84E94EE21A30817100A373A3 /* AKVAudioTrack+TableRepresentation.m */ = {isa = PBXFileReference; fileEncoding = 4; lastKnownFileType = sourcecode.c.objc; path = "AKVAudioTrack+TableRepresentation.m"; sourceTree = "<group>"; };
		84F8A1BE1A370A6200A57B2C /* NSImage+Transform.h */ = {isa = PBXFileReference; fileEncoding = 4; lastKnownFileType = sourcecode.c.h; path = "NSImage+Transform.h"; sourceTree = "<group>"; };
		84F8A1BF1A370A6200A57B2C /* NSImage+Transform.m */ = {isa = PBXFileReference; fileEncoding = 4; lastKnownFileType = sourcecode.c.objc; path = "NSImage+Transform.m"; sourceTree = "<group>"; };
		84FDBA311A10C7DA0076ADBB /* AKVVKAuthorizationManager.h */ = {isa = PBXFileReference; fileEncoding = 4; lastKnownFileType = sourcecode.c.h; path = AKVVKAuthorizationManager.h; sourceTree = "<group>"; };
		84FDBA321A10C7DA0076ADBB /* AKVVKAuthorizationManager.m */ = {isa = PBXFileReference; fileEncoding = 4; lastKnownFileType = sourcecode.c.objc; path = AKVVKAuthorizationManager.m; sourceTree = "<group>"; };
		84FDBA341A10CA410076ADBB /* AKVAuthorizationConfig.h */ = {isa = PBXFileReference; lastKnownFileType = sourcecode.c.h; path = AKVAuthorizationConfig.h; sourceTree = "<group>"; };
		84FDBA381A10FA920076ADBB /* AKVMainViewController.h */ = {isa = PBXFileReference; fileEncoding = 4; lastKnownFileType = sourcecode.c.h; path = AKVMainViewController.h; sourceTree = "<group>"; };
		84FDBA391A10FA920076ADBB /* AKVMainViewController.m */ = {isa = PBXFileReference; fileEncoding = 4; lastKnownFileType = sourcecode.c.objc; path = AKVMainViewController.m; sourceTree = "<group>"; };
		84FDBA3C1A110CCA0076ADBB /* AKVAudioTrack.h */ = {isa = PBXFileReference; fileEncoding = 4; lastKnownFileType = sourcecode.c.h; path = AKVAudioTrack.h; sourceTree = "<group>"; };
		84FDBA3D1A110CCA0076ADBB /* AKVAudioTrack.m */ = {isa = PBXFileReference; fileEncoding = 4; lastKnownFileType = sourcecode.c.objc; path = AKVAudioTrack.m; sourceTree = "<group>"; };
/* End PBXFileReference section */

/* Begin PBXFrameworksBuildPhase section */
		840E8A791A0B81FD00DA9E48 /* Frameworks */ = {
			isa = PBXFrameworksBuildPhase;
			buildActionMask = 2147483647;
			files = (
				84C219291A289DEA008AC791 /* AVFoundation.framework in Frameworks */,
				840E8A801A0B81FD00DA9E48 /* Cocoa.framework in Frameworks */,
			);
			runOnlyForDeploymentPostprocessing = 0;
		};
		840E8A9A1A0B81FD00DA9E48 /* Frameworks */ = {
			isa = PBXFrameworksBuildPhase;
			buildActionMask = 2147483647;
			files = (
				840E8AA01A0B81FD00DA9E48 /* Cocoa.framework in Frameworks */,
				840E8A9F1A0B81FD00DA9E48 /* XCTest.framework in Frameworks */,
			);
			runOnlyForDeploymentPostprocessing = 0;
		};
/* End PBXFrameworksBuildPhase section */

/* Begin PBXGroup section */
		840E8A731A0B81FC00DA9E48 = {
			isa = PBXGroup;
			children = (
				840E8A851A0B81FD00DA9E48 /* VkontakteApp */,
				840E8AA31A0B81FD00DA9E48 /* VkontakteAppTests */,
				840E8A7E1A0B81FD00DA9E48 /* Frameworks */,
				840E8A7D1A0B81FD00DA9E48 /* Products */,
			);
			sourceTree = "<group>";
		};
		840E8A7D1A0B81FD00DA9E48 /* Products */ = {
			isa = PBXGroup;
			children = (
				840E8A7C1A0B81FD00DA9E48 /* VkontakteApp.app */,
				840E8A9D1A0B81FD00DA9E48 /* VkontakteAppTests.xctest */,
			);
			name = Products;
			sourceTree = "<group>";
		};
		840E8A7E1A0B81FD00DA9E48 /* Frameworks */ = {
			isa = PBXGroup;
			children = (
				84C219281A289DEA008AC791 /* AVFoundation.framework */,
				840E8A7F1A0B81FD00DA9E48 /* Cocoa.framework */,
				840E8A9E1A0B81FD00DA9E48 /* XCTest.framework */,
				840E8A811A0B81FD00DA9E48 /* Other Frameworks */,
			);
			name = Frameworks;
			sourceTree = "<group>";
		};
		840E8A811A0B81FD00DA9E48 /* Other Frameworks */ = {
			isa = PBXGroup;
			children = (
				840E8A821A0B81FD00DA9E48 /* AppKit.framework */,
				840E8A831A0B81FD00DA9E48 /* CoreData.framework */,
				840E8A841A0B81FD00DA9E48 /* Foundation.framework */,
			);
			name = "Other Frameworks";
			sourceTree = "<group>";
		};
		840E8A851A0B81FD00DA9E48 /* VkontakteApp */ = {
			isa = PBXGroup;
			children = (
				8451EE591A31D96D00BB46A5 /* Helpful */,
				8451EE551A31D12400BB46A5 /* AudioPlayerView */,
				849F66651A2CB100009E05B5 /* TracksTableView */,
				84C2192A1A289DFA008AC791 /* AudioPlayer */,
				84FDBA3B1A1103920076ADBB /* VKManager */,
				840E8A911A0B81FD00DA9E48 /* AKVAppDelegate.h */,
				840E8A921A0B81FD00DA9E48 /* AKVAppDelegate.m */,
				840E8A941A0B81FD00DA9E48 /* MainMenu.xib */,
				840E8A971A0B81FD00DA9E48 /* Images.xcassets */,
				840E8A861A0B81FD00DA9E48 /* Supporting Files */,
				84FDBA381A10FA920076ADBB /* AKVMainViewController.h */,
				84FDBA391A10FA920076ADBB /* AKVMainViewController.m */,
				8472BC8F1A12119C006C1614 /* MainView.xib */,
			);
			path = VkontakteApp;
			sourceTree = "<group>";
		};
		840E8A861A0B81FD00DA9E48 /* Supporting Files */ = {
			isa = PBXGroup;
			children = (
				840E8A871A0B81FD00DA9E48 /* VkontakteApp-Info.plist */,
				840E8A881A0B81FD00DA9E48 /* InfoPlist.strings */,
				840E8A8B1A0B81FD00DA9E48 /* main.m */,
				840E8A8D1A0B81FD00DA9E48 /* VkontakteApp-Prefix.pch */,
				840E8A8E1A0B81FD00DA9E48 /* Credits.rtf */,
			);
			name = "Supporting Files";
			sourceTree = "<group>";
		};
		840E8AA31A0B81FD00DA9E48 /* VkontakteAppTests */ = {
			isa = PBXGroup;
			children = (
				840E8AA91A0B81FD00DA9E48 /* VkontakteAppTests.m */,
				840E8AA41A0B81FD00DA9E48 /* Supporting Files */,
			);
			path = VkontakteAppTests;
			sourceTree = "<group>";
		};
		840E8AA41A0B81FD00DA9E48 /* Supporting Files */ = {
			isa = PBXGroup;
			children = (
				840E8AA51A0B81FD00DA9E48 /* VkontakteAppTests-Info.plist */,
				840E8AA61A0B81FD00DA9E48 /* InfoPlist.strings */,
			);
			name = "Supporting Files";
			sourceTree = "<group>";
		};
		8451EE551A31D12400BB46A5 /* AudioPlayerView */ = {
			isa = PBXGroup;
			children = (
				843168911A30B40E0077C203 /* AKVPlayerView.h */,
				843168921A30B40E0077C203 /* AKVPlayerView.m */,
				84C2192B1A28C689008AC791 /* AKVPlayerStatusView.h */,
				84C2192C1A28C689008AC791 /* AKVPlayerStatusView.m */,
				848465791A375F160014C8DA /* AKVPlayerWindowView.h */,
				8484657A1A375F160014C8DA /* AKVPlayerWindowView.m */,
			);
			name = AudioPlayerView;
			sourceTree = "<group>";
		};
		8451EE591A31D96D00BB46A5 /* Helpful */ = {
			isa = PBXGroup;
			children = (
				8451EE561A31D7D500BB46A5 /* NSString+TimeFormatter.h */,
				8451EE571A31D7D500BB46A5 /* NSString+TimeFormatter.m */,
				84F8A1BE1A370A6200A57B2C /* NSImage+Transform.h */,
				84F8A1BF1A370A6200A57B2C /* NSImage+Transform.m */,
			);
			name = Helpful;
			sourceTree = "<group>";
		};
		849F66651A2CB100009E05B5 /* TracksTableView */ = {
			isa = PBXGroup;
			children = (
				843CC29E1A2DEAE5002BD038 /* AKVTrackTableViewCellDelegate.h */,
				849F66661A2CB1DB009E05B5 /* AKVTrackTableViewCell.h */,
				849F66671A2CB1DB009E05B5 /* AKVTrackTableViewCell.m */,
				849F66691A2CC71E009E05B5 /* AKVTracksTableView.h */,
				849F666A1A2CC71E009E05B5 /* AKVTracksTableView.m */,
				84E94EE11A30817100A373A3 /* AKVAudioTrack+TableRepresentation.h */,
				84E94EE21A30817100A373A3 /* AKVAudioTrack+TableRepresentation.m */,
			);
			name = TracksTableView;
			sourceTree = "<group>";
		};
		84C2192A1A289DFA008AC791 /* AudioPlayer */ = {
			isa = PBXGroup;
			children = (
				84C219251A289C3D008AC791 /* AKVAudioPlayer.h */,
				84C219261A289C3E008AC791 /* AKVAudioPlayer.m */,
			);
			name = AudioPlayer;
			sourceTree = "<group>";
		};
		84FDBA3B1A1103920076ADBB /* VKManager */ = {
			isa = PBXGroup;
			children = (
				84FDBA311A10C7DA0076ADBB /* AKVVKAuthorizationManager.h */,
				84FDBA321A10C7DA0076ADBB /* AKVVKAuthorizationManager.m */,
				84FDBA341A10CA410076ADBB /* AKVAuthorizationConfig.h */,
				84FDBA3C1A110CCA0076ADBB /* AKVAudioTrack.h */,
				84FDBA3D1A110CCA0076ADBB /* AKVAudioTrack.m */,
			);
			name = VKManager;
			sourceTree = "<group>";
		};
/* End PBXGroup section */

/* Begin PBXNativeTarget section */
		840E8A7B1A0B81FD00DA9E48 /* VkontakteApp */ = {
			isa = PBXNativeTarget;
			buildConfigurationList = 840E8AAD1A0B81FD00DA9E48 /* Build configuration list for PBXNativeTarget "VkontakteApp" */;
			buildPhases = (
				840E8A781A0B81FD00DA9E48 /* Sources */,
				840E8A791A0B81FD00DA9E48 /* Frameworks */,
				840E8A7A1A0B81FD00DA9E48 /* Resources */,
			);
			buildRules = (
			);
			dependencies = (
			);
			name = VkontakteApp;
			productName = VkontakteApp;
			productReference = 840E8A7C1A0B81FD00DA9E48 /* VkontakteApp.app */;
			productType = "com.apple.product-type.application";
		};
		840E8A9C1A0B81FD00DA9E48 /* VkontakteAppTests */ = {
			isa = PBXNativeTarget;
			buildConfigurationList = 840E8AB01A0B81FD00DA9E48 /* Build configuration list for PBXNativeTarget "VkontakteAppTests" */;
			buildPhases = (
				840E8A991A0B81FD00DA9E48 /* Sources */,
				840E8A9A1A0B81FD00DA9E48 /* Frameworks */,
				840E8A9B1A0B81FD00DA9E48 /* Resources */,
			);
			buildRules = (
			);
			dependencies = (
				840E8AA21A0B81FD00DA9E48 /* PBXTargetDependency */,
			);
			name = VkontakteAppTests;
			productName = VkontakteAppTests;
			productReference = 840E8A9D1A0B81FD00DA9E48 /* VkontakteAppTests.xctest */;
			productType = "com.apple.product-type.bundle.unit-test";
		};
/* End PBXNativeTarget section */

/* Begin PBXProject section */
		840E8A741A0B81FC00DA9E48 /* Project object */ = {
			isa = PBXProject;
			attributes = {
				CLASSPREFIX = AKV;
				LastUpgradeCheck = 0510;
				ORGANIZATIONNAME = vitaliy.pavlyuk;
				TargetAttributes = {
					840E8A9C1A0B81FD00DA9E48 = {
						TestTargetID = 840E8A7B1A0B81FD00DA9E48;
					};
				};
			};
			buildConfigurationList = 840E8A771A0B81FC00DA9E48 /* Build configuration list for PBXProject "VkontakteApp" */;
			compatibilityVersion = "Xcode 3.2";
			developmentRegion = English;
			hasScannedForEncodings = 0;
			knownRegions = (
				en,
				Base,
			);
			mainGroup = 840E8A731A0B81FC00DA9E48;
			productRefGroup = 840E8A7D1A0B81FD00DA9E48 /* Products */;
			projectDirPath = "";
			projectRoot = "";
			targets = (
				840E8A7B1A0B81FD00DA9E48 /* VkontakteApp */,
				840E8A9C1A0B81FD00DA9E48 /* VkontakteAppTests */,
			);
		};
/* End PBXProject section */

/* Begin PBXResourcesBuildPhase section */
		840E8A7A1A0B81FD00DA9E48 /* Resources */ = {
			isa = PBXResourcesBuildPhase;
			buildActionMask = 2147483647;
			files = (
				840E8A8A1A0B81FD00DA9E48 /* InfoPlist.strings in Resources */,
				840E8A981A0B81FD00DA9E48 /* Images.xcassets in Resources */,
				840E8A901A0B81FD00DA9E48 /* Credits.rtf in Resources */,
				8472BC901A12119C006C1614 /* MainView.xib in Resources */,
				840E8A961A0B81FD00DA9E48 /* MainMenu.xib in Resources */,
			);
			runOnlyForDeploymentPostprocessing = 0;
		};
		840E8A9B1A0B81FD00DA9E48 /* Resources */ = {
			isa = PBXResourcesBuildPhase;
			buildActionMask = 2147483647;
			files = (
				840E8AA81A0B81FD00DA9E48 /* InfoPlist.strings in Resources */,
			);
			runOnlyForDeploymentPostprocessing = 0;
		};
/* End PBXResourcesBuildPhase section */

/* Begin PBXSourcesBuildPhase section */
		840E8A781A0B81FD00DA9E48 /* Sources */ = {
			isa = PBXSourcesBuildPhase;
			buildActionMask = 2147483647;
			files = (
				84FDBA331A10C7DA0076ADBB /* AKVVKAuthorizationManager.m in Sources */,
				840E8A8C1A0B81FD00DA9E48 /* main.m in Sources */,
				849F666B1A2CC71E009E05B5 /* AKVTracksTableView.m in Sources */,
				840E8A931A0B81FD00DA9E48 /* AKVAppDelegate.m in Sources */,
				8484657B1A375F160014C8DA /* AKVPlayerWindowView.m in Sources */,
				84C2192D1A28C68A008AC791 /* AKVPlayerStatusView.m in Sources */,
				84E94EE31A30817100A373A3 /* AKVAudioTrack+TableRepresentation.m in Sources */,
				849F66681A2CB1DB009E05B5 /* AKVTrackTableViewCell.m in Sources */,
				84C219271A289C3E008AC791 /* AKVAudioPlayer.m in Sources */,
				843168931A30B40E0077C203 /* AKVPlayerView.m in Sources */,
				8451EE581A31D7D500BB46A5 /* NSString+TimeFormatter.m in Sources */,
				84FDBA3A1A10FA920076ADBB /* AKVMainViewController.m in Sources */,
				84FDBA3E1A110CCA0076ADBB /* AKVAudioTrack.m in Sources */,
				84F8A1C01A370A6200A57B2C /* NSImage+Transform.m in Sources */,
			);
			runOnlyForDeploymentPostprocessing = 0;
		};
		840E8A991A0B81FD00DA9E48 /* Sources */ = {
			isa = PBXSourcesBuildPhase;
			buildActionMask = 2147483647;
			files = (
				840E8AAA1A0B81FD00DA9E48 /* VkontakteAppTests.m in Sources */,
			);
			runOnlyForDeploymentPostprocessing = 0;
		};
/* End PBXSourcesBuildPhase section */

/* Begin PBXTargetDependency section */
		840E8AA21A0B81FD00DA9E48 /* PBXTargetDependency */ = {
			isa = PBXTargetDependency;
			target = 840E8A7B1A0B81FD00DA9E48 /* VkontakteApp */;
			targetProxy = 840E8AA11A0B81FD00DA9E48 /* PBXContainerItemProxy */;
		};
/* End PBXTargetDependency section */

/* Begin PBXVariantGroup section */
		840E8A881A0B81FD00DA9E48 /* InfoPlist.strings */ = {
			isa = PBXVariantGroup;
			children = (
				840E8A891A0B81FD00DA9E48 /* en */,
			);
			name = InfoPlist.strings;
			sourceTree = "<group>";
		};
		840E8A8E1A0B81FD00DA9E48 /* Credits.rtf */ = {
			isa = PBXVariantGroup;
			children = (
				840E8A8F1A0B81FD00DA9E48 /* en */,
			);
			name = Credits.rtf;
			sourceTree = "<group>";
		};
		840E8A941A0B81FD00DA9E48 /* MainMenu.xib */ = {
			isa = PBXVariantGroup;
			children = (
				840E8A951A0B81FD00DA9E48 /* Base */,
			);
			name = MainMenu.xib;
			sourceTree = "<group>";
		};
		840E8AA61A0B81FD00DA9E48 /* InfoPlist.strings */ = {
			isa = PBXVariantGroup;
			children = (
				840E8AA71A0B81FD00DA9E48 /* en */,
			);
			name = InfoPlist.strings;
			sourceTree = "<group>";
		};
/* End PBXVariantGroup section */

/* Begin XCBuildConfiguration section */
		840E8AAB1A0B81FD00DA9E48 /* Debug */ = {
			isa = XCBuildConfiguration;
			buildSettings = {
				ALWAYS_SEARCH_USER_PATHS = NO;
				CLANG_CXX_LANGUAGE_STANDARD = "gnu++0x";
				CLANG_CXX_LIBRARY = "libc++";
				CLANG_ENABLE_MODULES = YES;
				CLANG_ENABLE_OBJC_ARC = YES;
				CLANG_WARN_BOOL_CONVERSION = YES;
				CLANG_WARN_CONSTANT_CONVERSION = YES;
				CLANG_WARN_DIRECT_OBJC_ISA_USAGE = YES_ERROR;
				CLANG_WARN_EMPTY_BODY = YES;
				CLANG_WARN_ENUM_CONVERSION = YES;
				CLANG_WARN_INT_CONVERSION = YES;
				CLANG_WARN_OBJC_ROOT_CLASS = YES_ERROR;
				CLANG_WARN__DUPLICATE_METHOD_MATCH = YES;
				COPY_PHASE_STRIP = NO;
				GCC_C_LANGUAGE_STANDARD = gnu99;
				GCC_DYNAMIC_NO_PIC = NO;
				GCC_ENABLE_OBJC_EXCEPTIONS = YES;
				GCC_OPTIMIZATION_LEVEL = 0;
				GCC_PREPROCESSOR_DEFINITIONS = (
					"DEBUG=1",
					"$(inherited)",
				);
				GCC_SYMBOLS_PRIVATE_EXTERN = NO;
				GCC_WARN_64_TO_32_BIT_CONVERSION = YES;
				GCC_WARN_ABOUT_RETURN_TYPE = YES_ERROR;
				GCC_WARN_UNDECLARED_SELECTOR = YES;
				GCC_WARN_UNINITIALIZED_AUTOS = YES_AGGRESSIVE;
				GCC_WARN_UNUSED_FUNCTION = YES;
				GCC_WARN_UNUSED_VARIABLE = YES;
				MACOSX_DEPLOYMENT_TARGET = 10.9;
				ONLY_ACTIVE_ARCH = YES;
				SDKROOT = macosx;
			};
			name = Debug;
		};
		840E8AAC1A0B81FD00DA9E48 /* Release */ = {
			isa = XCBuildConfiguration;
			buildSettings = {
				ALWAYS_SEARCH_USER_PATHS = NO;
				CLANG_CXX_LANGUAGE_STANDARD = "gnu++0x";
				CLANG_CXX_LIBRARY = "libc++";
				CLANG_ENABLE_MODULES = YES;
				CLANG_ENABLE_OBJC_ARC = YES;
				CLANG_WARN_BOOL_CONVERSION = YES;
				CLANG_WARN_CONSTANT_CONVERSION = YES;
				CLANG_WARN_DIRECT_OBJC_ISA_USAGE = YES_ERROR;
				CLANG_WARN_EMPTY_BODY = YES;
				CLANG_WARN_ENUM_CONVERSION = YES;
				CLANG_WARN_INT_CONVERSION = YES;
				CLANG_WARN_OBJC_ROOT_CLASS = YES_ERROR;
				CLANG_WARN__DUPLICATE_METHOD_MATCH = YES;
				COPY_PHASE_STRIP = YES;
				DEBUG_INFORMATION_FORMAT = "dwarf-with-dsym";
				ENABLE_NS_ASSERTIONS = NO;
				GCC_C_LANGUAGE_STANDARD = gnu99;
				GCC_ENABLE_OBJC_EXCEPTIONS = YES;
				GCC_WARN_64_TO_32_BIT_CONVERSION = YES;
				GCC_WARN_ABOUT_RETURN_TYPE = YES_ERROR;
				GCC_WARN_UNDECLARED_SELECTOR = YES;
				GCC_WARN_UNINITIALIZED_AUTOS = YES_AGGRESSIVE;
				GCC_WARN_UNUSED_FUNCTION = YES;
				GCC_WARN_UNUSED_VARIABLE = YES;
				MACOSX_DEPLOYMENT_TARGET = 10.9;
				SDKROOT = macosx;
			};
			name = Release;
		};
		840E8AAE1A0B81FD00DA9E48 /* Debug */ = {
			isa = XCBuildConfiguration;
			buildSettings = {
				ASSETCATALOG_COMPILER_APPICON_NAME = AppIcon;
				COMBINE_HIDPI_IMAGES = YES;
				GCC_PRECOMPILE_PREFIX_HEADER = YES;
				GCC_PREFIX_HEADER = "VkontakteApp/VkontakteApp-Prefix.pch";
				INFOPLIST_FILE = "VkontakteApp/VkontakteApp-Info.plist";
				PRODUCT_NAME = "$(TARGET_NAME)";
				WRAPPER_EXTENSION = app;
			};
			name = Debug;
		};
		840E8AAF1A0B81FD00DA9E48 /* Release */ = {
			isa = XCBuildConfiguration;
			buildSettings = {
				ASSETCATALOG_COMPILER_APPICON_NAME = AppIcon;
				COMBINE_HIDPI_IMAGES = YES;
				GCC_PRECOMPILE_PREFIX_HEADER = YES;
				GCC_PREFIX_HEADER = "VkontakteApp/VkontakteApp-Prefix.pch";
				INFOPLIST_FILE = "VkontakteApp/VkontakteApp-Info.plist";
				PRODUCT_NAME = "$(TARGET_NAME)";
				WRAPPER_EXTENSION = app;
			};
			name = Release;
		};
		840E8AB11A0B81FD00DA9E48 /* Debug */ = {
			isa = XCBuildConfiguration;
			buildSettings = {
				BUNDLE_LOADER = "$(BUILT_PRODUCTS_DIR)/VkontakteApp.app/Contents/MacOS/VkontakteApp";
				COMBINE_HIDPI_IMAGES = YES;
				FRAMEWORK_SEARCH_PATHS = (
					"$(DEVELOPER_FRAMEWORKS_DIR)",
					"$(inherited)",
				);
				GCC_PRECOMPILE_PREFIX_HEADER = YES;
				GCC_PREFIX_HEADER = "VkontakteApp/VkontakteApp-Prefix.pch";
				GCC_PREPROCESSOR_DEFINITIONS = (
					"DEBUG=1",
					"$(inherited)",
				);
				INFOPLIST_FILE = "VkontakteAppTests/VkontakteAppTests-Info.plist";
				PRODUCT_NAME = "$(TARGET_NAME)";
				TEST_HOST = "$(BUNDLE_LOADER)";
				WRAPPER_EXTENSION = xctest;
			};
			name = Debug;
		};
		840E8AB21A0B81FD00DA9E48 /* Release */ = {
			isa = XCBuildConfiguration;
			buildSettings = {
				BUNDLE_LOADER = "$(BUILT_PRODUCTS_DIR)/VkontakteApp.app/Contents/MacOS/VkontakteApp";
				COMBINE_HIDPI_IMAGES = YES;
				FRAMEWORK_SEARCH_PATHS = (
					"$(DEVELOPER_FRAMEWORKS_DIR)",
					"$(inherited)",
				);
				GCC_PRECOMPILE_PREFIX_HEADER = YES;
				GCC_PREFIX_HEADER = "VkontakteApp/VkontakteApp-Prefix.pch";
				INFOPLIST_FILE = "VkontakteAppTests/VkontakteAppTests-Info.plist";
				PRODUCT_NAME = "$(TARGET_NAME)";
				TEST_HOST = "$(BUNDLE_LOADER)";
				WRAPPER_EXTENSION = xctest;
			};
			name = Release;
		};
/* End XCBuildConfiguration section */

/* Begin XCConfigurationList section */
		840E8A771A0B81FC00DA9E48 /* Build configuration list for PBXProject "VkontakteApp" */ = {
			isa = XCConfigurationList;
			buildConfigurations = (
				840E8AAB1A0B81FD00DA9E48 /* Debug */,
				840E8AAC1A0B81FD00DA9E48 /* Release */,
			);
			defaultConfigurationIsVisible = 0;
			defaultConfigurationName = Release;
		};
		840E8AAD1A0B81FD00DA9E48 /* Build configuration list for PBXNativeTarget "VkontakteApp" */ = {
			isa = XCConfigurationList;
			buildConfigurations = (
				840E8AAE1A0B81FD00DA9E48 /* Debug */,
				840E8AAF1A0B81FD00DA9E48 /* Release */,
			);
			defaultConfigurationIsVisible = 0;
			defaultConfigurationName = Release;
		};
		840E8AB01A0B81FD00DA9E48 /* Build configuration list for PBXNativeTarget "VkontakteAppTests" */ = {
			isa = XCConfigurationList;
			buildConfigurations = (
				840E8AB11A0B81FD00DA9E48 /* Debug */,
				840E8AB21A0B81FD00DA9E48 /* Release */,
			);
			defaultConfigurationIsVisible = 0;
			defaultConfigurationName = Release;
		};
/* End XCConfigurationList section */
	};
	rootObject = 840E8A741A0B81FC00DA9E48 /* Project object */;
}
